
Microsoft Visual Studio Solution File, Format Version 12.00
# Visual Studio Express 2012 for Web
Project("{E24C65DC-7377-472B-9ABA-BC803B73C61A}") = "BetterMortgageCalculator", ".", "{3EA5067A-DA21-475B-BD06-5FFCF4122E0A}"
	ProjectSection(WebsiteProperties) = preProject
		TargetFrameworkMoniker = ".NETFramework,Version%3Dv4.0"
		Debug.AspNetCompiler.VirtualPath = "/BetterMortgageCalculator"
		Debug.AspNetCompiler.PhysicalPath = "..\BetterMortgageCalculator\"
		Debug.AspNetCompiler.TargetPath = "PrecompiledWeb\BetterMortgageCalculator\"
		Debug.AspNetCompiler.Updateable = "true"
		Debug.AspNetCompiler.ForceOverwrite = "true"
		Debug.AspNetCompiler.FixedNames = "false"
		Debug.AspNetCompiler.Debug = "True"
		Release.AspNetCompiler.VirtualPath = "/BetterMortgageCalculator"
		Release.AspNetCompiler.PhysicalPath = "..\BetterMortgageCalculator\"
		Release.AspNetCompiler.TargetPath = "PrecompiledWeb\BetterMortgageCalculator\"
		Release.AspNetCompiler.Updateable = "true"
		Release.AspNetCompiler.ForceOverwrite = "true"
		Release.AspNetCompiler.FixedNames = "false"
		Release.AspNetCompiler.Debug = "False"
		VWDPort = "65117"
	EndProjectSection
EndProject
Global
	GlobalSection(SolutionConfigurationPlatforms) = preSolution
		Debug|Any CPU = Debug|Any CPU
	EndGlobalSection
	GlobalSection(ProjectConfigurationPlatforms) = postSolution
		{3EA5067A-DA21-475B-BD06-5FFCF4122E0A}.Debug|Any CPU.ActiveCfg = Debug|Any CPU
		{3EA5067A-DA21-475B-BD06-5FFCF4122E0A}.Debug|Any CPU.Build.0 = Debug|Any CPU
	EndGlobalSection
	GlobalSection(SolutionProperties) = preSolution
		HideSolutionNode = FALSE
	EndGlobalSection
EndGlobal
